
Microsoft Visual Studio Solution File, Format Version 12.00
# Visual Studio Version 17
VisualStudioVersion = 17.6.33815.320
MinimumVisualStudioVersion = 10.0.40219.1
Project("{FAE04EC0-301F-11D3-BF4B-00C04F79EFBC}") = "Student", "Student\Student.csproj", "{1971B6FB-6949-4496-82B2-ED7E4870697C}"
EndProject
Global
	GlobalSection(SolutionConfigurationPlatforms) = preSolution
		Debug|Any CPU = Debug|Any CPU
		Release|Any CPU = Release|Any CPU
	EndGlobalSection
	GlobalSection(ProjectConfigurationPlatforms) = postSolution
		{1971B6FB-6949-4496-82B2-ED7E4870697C}.Debug|Any CPU.ActiveCfg = Debug|Any CPU
		{1971B6FB-6949-4496-82B2-ED7E4870697C}.Debug|Any CPU.Build.0 = Debug|Any CPU
		{1971B6FB-6949-4496-82B2-ED7E4870697C}.Release|Any CPU.ActiveCfg = Release|Any CPU
		{1971B6FB-6949-4496-82B2-ED7E4870697C}.Release|Any CPU.Build.0 = Release|Any CPU
	EndGlobalSection
	GlobalSection(SolutionProperties) = preSolution
		HideSolutionNode = FALSE
	EndGlobalSection
	GlobalSection(ExtensibilityGlobals) = postSolution
		SolutionGuid = {A7B5D2FD-338B-40D3-A881-403283CB3F5E}
	EndGlobalSection
EndGlobal
